{
  "nodes": {
    "nixpkgs": {
      "locked": {
        "lastModified": 1600335961,
        "narHash": "sha256-1C6d13V0GNUCx+z9UKYN1Nz4b6lwGYYLvjQGsFiW6UE=",
        "owner": "NixOS",
        "repo": "nixpkgs",
        "rev": "6803bc6882004ec296fca90252d9764a60040abd",
        "type": "github"
      },
      "original": {
        "owner": "NixOS",
        "ref": "nixpkgs-unstable",
        "repo": "nixpkgs",
        "type": "github"
      }
    },
    "root": {
      "inputs": {
        "nixpkgs": "nixpkgs",
        "utils": "utils"
      }
    },
    "utils": {
      "locked": {
        "lastModified": 1600209923,
        "narHash": "sha256-zoOWauTliFEjI++esk6Jzk7QO5EKpddWXQm9yQK24iM=",
        "owner": "numtide",
        "repo": "flake-utils",
        "rev": "3cd06d3c1df6879c9e41cb2c33113df10566c760",
        "type": "github"
      },
      "original": {
        "owner": "numtide",
        "repo": "flake-utils",
        "type": "github"
      }
    }
  },
  "root": "root",
  "version": 7
}
